
Microsoft Visual Studio Solution File, Format Version 12.00
# Visual Studio Version 16
VisualStudioVersion = 16.0.30011.22
MinimumVisualStudioVersion = 10.0.40219.1
Project("{FAE04EC0-301F-11D3-BF4B-00C04F79EFBC}") = "GroupRazorPagesVideoGame", "GroupRazorPagesVideoGame.csproj", "{4D033397-50CB-43C5-B6E7-5875C0B5B625}"
EndProject
Global
	GlobalSection(SolutionConfigurationPlatforms) = preSolution
		Debug|Any CPU = Debug|Any CPU
		Release|Any CPU = Release|Any CPU
	EndGlobalSection
	GlobalSection(ProjectConfigurationPlatforms) = postSolution
		{4D033397-50CB-43C5-B6E7-5875C0B5B625}.Debug|Any CPU.ActiveCfg = Debug|Any CPU
		{4D033397-50CB-43C5-B6E7-5875C0B5B625}.Debug|Any CPU.Build.0 = Debug|Any CPU
		{4D033397-50CB-43C5-B6E7-5875C0B5B625}.Release|Any CPU.ActiveCfg = Release|Any CPU
		{4D033397-50CB-43C5-B6E7-5875C0B5B625}.Release|Any CPU.Build.0 = Release|Any CPU
	EndGlobalSection
	GlobalSection(SolutionProperties) = preSolution
		HideSolutionNode = FALSE
	EndGlobalSection
	GlobalSection(ExtensibilityGlobals) = postSolution
		SolutionGuid = {DCE1ECB1-7594-49FB-AA4F-9D1A52F08393}
	EndGlobalSection
EndGlobal
